// !$*UTF8*$!
{
	archiveVersion = 1;
	classes = {
	};
	objectVersion = 50;
	objects = {

/* Begin PBXBuildFile section */
		8635F98A291DC2FC00D4F1A8 /* AppDelegate.swift in Sources */ = {isa = PBXBuildFile; fileRef = 8635F989291DC2FC00D4F1A8 /* AppDelegate.swift */; };
		8635F98C291DC2FC00D4F1A8 /* SceneDelegate.swift in Sources */ = {isa = PBXBuildFile; fileRef = 8635F98B291DC2FC00D4F1A8 /* SceneDelegate.swift */; };
		8635F98E291DC2FC00D4F1A8 /* ListViewController.swift in Sources */ = {isa = PBXBuildFile; fileRef = 8635F98D291DC2FC00D4F1A8 /* ListViewController.swift */; };
		8635F991291DC2FC00D4F1A8 /* Main.storyboard in Resources */ = {isa = PBXBuildFile; fileRef = 8635F98F291DC2FC00D4F1A8 /* Main.storyboard */; };
		8635F993291DC30600D4F1A8 /* Assets.xcassets in Resources */ = {isa = PBXBuildFile; fileRef = 8635F992291DC30600D4F1A8 /* Assets.xcassets */; };
		8635F9A1291DC30700D4F1A8 /* Assignment_4Tests.swift in Sources */ = {isa = PBXBuildFile; fileRef = 8635F9A0291DC30700D4F1A8 /* Assignment_4Tests.swift */; };
		8635F9AC291DC30700D4F1A8 /* Assignment_4UITests.swift in Sources */ = {isa = PBXBuildFile; fileRef = 8635F9AB291DC30700D4F1A8 /* Assignment_4UITests.swift */; };
		8635F9C6291DC4CD00D4F1A8 /* DataTableCell.swift in Sources */ = {isa = PBXBuildFile; fileRef = 8635F9C5291DC4CD00D4F1A8 /* DataTableCell.swift */; };
/* End PBXBuildFile section */

/* Begin PBXContainerItemProxy section */
		8635F99D291DC30700D4F1A8 /* PBXContainerItemProxy */ = {
			isa = PBXContainerItemProxy;
			containerPortal = 8635F97E291DC2FC00D4F1A8 /* Project object */;
			proxyType = 1;
			remoteGlobalIDString = 8635F985291DC2FC00D4F1A8;
			remoteInfo = "Assignment 4";
		};
		8635F9A8291DC30700D4F1A8 /* PBXContainerItemProxy */ = {
			isa = PBXContainerItemProxy;
			containerPortal = 8635F97E291DC2FC00D4F1A8 /* Project object */;
			proxyType = 1;
			remoteGlobalIDString = 8635F985291DC2FC00D4F1A8;
			remoteInfo = "Assignment 4";
		};
/* End PBXContainerItemProxy section */

/* Begin PBXFileReference section */
		8635F986291DC2FC00D4F1A8 /* Assignment 4.app */ = {isa = PBXFileReference; explicitFileType = wrapper.application; includeInIndex = 0; path = "Assignment 4.app"; sourceTree = BUILT_PRODUCTS_DIR; };
		8635F989291DC2FC00D4F1A8 /* AppDelegate.swift */ = {isa = PBXFileReference; lastKnownFileType = sourcecode.swift; path = AppDelegate.swift; sourceTree = "<group>"; };
		8635F98B291DC2FC00D4F1A8 /* SceneDelegate.swift */ = {isa = PBXFileReference; lastKnownFileType = sourcecode.swift; path = SceneDelegate.swift; sourceTree = "<group>"; };
		8635F98D291DC2FC00D4F1A8 /* ListViewController.swift */ = {isa = PBXFileReference; lastKnownFileType = sourcecode.swift; path = ListViewController.swift; sourceTree = "<group>"; };
		8635F990291DC2FC00D4F1A8 /* Base */ = {isa = PBXFileReference; lastKnownFileType = file.storyboard; name = Base; path = Base.lproj/Main.storyboard; sourceTree = "<group>"; };
		8635F992291DC30600D4F1A8 /* Assets.xcassets */ = {isa = PBXFileReference; lastKnownFileType = folder.assetcatalog; path = Assets.xcassets; sourceTree = "<group>"; };
		8635F997291DC30600D4F1A8 /* Info.plist */ = {isa = PBXFileReference; lastKnownFileType = text.plist.xml; path = Info.plist; sourceTree = "<group>"; };
		8635F99C291DC30700D4F1A8 /* Assignment 4Tests.xctest */ = {isa = PBXFileReference; explicitFileType = wrapper.cfbundle; includeInIndex = 0; path = "Assignment 4Tests.xctest"; sourceTree = BUILT_PRODUCTS_DIR; };
		8635F9A0291DC30700D4F1A8 /* Assignment_4Tests.swift */ = {isa = PBXFileReference; lastKnownFileType = sourcecode.swift; path = Assignment_4Tests.swift; sourceTree = "<group>"; };
		8635F9A2291DC30700D4F1A8 /* Info.plist */ = {isa = PBXFileReference; lastKnownFileType = text.plist.xml; path = Info.plist; sourceTree = "<group>"; };
		8635F9A7291DC30700D4F1A8 /* Assignment 4UITests.xctest */ = {isa = PBXFileReference; explicitFileType = wrapper.cfbundle; includeInIndex = 0; path = "Assignment 4UITests.xctest"; sourceTree = BUILT_PRODUCTS_DIR; };
		8635F9AB291DC30700D4F1A8 /* Assignment_4UITests.swift */ = {isa = PBXFileReference; lastKnownFileType = sourcecode.swift; path = Assignment_4UITests.swift; sourceTree = "<group>"; };
		8635F9AD291DC30700D4F1A8 /* Info.plist */ = {isa = PBXFileReference; lastKnownFileType = text.plist.xml; path = Info.plist; sourceTree = "<group>"; };
		8635F9C5291DC4CD00D4F1A8 /* DataTableCell.swift */ = {isa = PBXFileReference; lastKnownFileType = sourcecode.swift; path = DataTableCell.swift; sourceTree = "<group>"; };
/* End PBXFileReference section */

/* Begin PBXFrameworksBuildPhase section */
		8635F983291DC2FC00D4F1A8 /* Frameworks */ = {
			isa = PBXFrameworksBuildPhase;
			buildActionMask = 2147483647;
			files = (
			);
			runOnlyForDeploymentPostprocessing = 0;
		};
		8635F999291DC30700D4F1A8 /* Frameworks */ = {
			isa = PBXFrameworksBuildPhase;
			buildActionMask = 2147483647;
			files = (
			);
			runOnlyForDeploymentPostprocessing = 0;
		};
		8635F9A4291DC30700D4F1A8 /* Frameworks */ = {
			isa = PBXFrameworksBuildPhase;
			buildActionMask = 2147483647;
			files = (
			);
			runOnlyForDeploymentPostprocessing = 0;
		};
/* End PBXFrameworksBuildPhase section */

/* Begin PBXGroup section */
		8635F97D291DC2FC00D4F1A8 = {
			isa = PBXGroup;
			children = (
				8635F988291DC2FC00D4F1A8 /* Assignment 4 */,
				8635F99F291DC30700D4F1A8 /* Assignment 4Tests */,
				8635F9AA291DC30700D4F1A8 /* Assignment 4UITests */,
				8635F987291DC2FC00D4F1A8 /* Products */,
			);
			sourceTree = "<group>";
		};
		8635F987291DC2FC00D4F1A8 /* Products */ = {
			isa = PBXGroup;
			children = (
				8635F986291DC2FC00D4F1A8 /* Assignment 4.app */,
				8635F99C291DC30700D4F1A8 /* Assignment 4Tests.xctest */,
				8635F9A7291DC30700D4F1A8 /* Assignment 4UITests.xctest */,
			);
			name = Products;
			sourceTree = "<group>";
		};
		8635F988291DC2FC00D4F1A8 /* Assignment 4 */ = {
			isa = PBXGroup;
			children = (
				8635F989291DC2FC00D4F1A8 /* AppDelegate.swift */,
				8635F98B291DC2FC00D4F1A8 /* SceneDelegate.swift */,
				8635F98D291DC2FC00D4F1A8 /* ListViewController.swift */,
				8635F98F291DC2FC00D4F1A8 /* Main.storyboard */,
				8635F992291DC30600D4F1A8 /* Assets.xcassets */,
				8635F997291DC30600D4F1A8 /* Info.plist */,
				8635F9C5291DC4CD00D4F1A8 /* DataTableCell.swift */,
			);
			path = "Assignment 4";
			sourceTree = "<group>";
		};
		8635F99F291DC30700D4F1A8 /* Assignment 4Tests */ = {
			isa = PBXGroup;
			children = (
				8635F9A0291DC30700D4F1A8 /* Assignment_4Tests.swift */,
				8635F9A2291DC30700D4F1A8 /* Info.plist */,
			);
			path = "Assignment 4Tests";
			sourceTree = "<group>";
		};
		8635F9AA291DC30700D4F1A8 /* Assignment 4UITests */ = {
			isa = PBXGroup;
			children = (
				8635F9AB291DC30700D4F1A8 /* Assignment_4UITests.swift */,
				8635F9AD291DC30700D4F1A8 /* Info.plist */,
			);
			path = "Assignment 4UITests";
			sourceTree = "<group>";
		};
/* End PBXGroup section */

/* Begin PBXNativeTarget section */
		8635F985291DC2FC00D4F1A8 /* Assignment 4 */ = {
			isa = PBXNativeTarget;
			buildConfigurationList = 8635F9B0291DC30700D4F1A8 /* Build configuration list for PBXNativeTarget "Assignment 4" */;
			buildPhases = (
				8635F982291DC2FC00D4F1A8 /* Sources */,
				8635F983291DC2FC00D4F1A8 /* Frameworks */,
				8635F984291DC2FC00D4F1A8 /* Resources */,
			);
			buildRules = (
			);
			dependencies = (
			);
			name = "Assignment 4";
			productName = "Assignment 4";
			productReference = 8635F986291DC2FC00D4F1A8 /* Assignment 4.app */;
			productType = "com.apple.product-type.application";
		};
		8635F99B291DC30700D4F1A8 /* Assignment 4Tests */ = {
			isa = PBXNativeTarget;
			buildConfigurationList = 8635F9B3291DC30700D4F1A8 /* Build configuration list for PBXNativeTarget "Assignment 4Tests" */;
			buildPhases = (
				8635F998291DC30700D4F1A8 /* Sources */,
				8635F999291DC30700D4F1A8 /* Frameworks */,
				8635F99A291DC30700D4F1A8 /* Resources */,
			);
			buildRules = (
			);
			dependencies = (
				8635F99E291DC30700D4F1A8 /* PBXTargetDependency */,
			);
			name = "Assignment 4Tests";
			productName = "Assignment 4Tests";
			productReference = 8635F99C291DC30700D4F1A8 /* Assignment 4Tests.xctest */;
			productType = "com.apple.product-type.bundle.unit-test";
		};
		8635F9A6291DC30700D4F1A8 /* Assignment 4UITests */ = {
			isa = PBXNativeTarget;
			buildConfigurationList = 8635F9B6291DC30700D4F1A8 /* Build configuration list for PBXNativeTarget "Assignment 4UITests" */;
			buildPhases = (
				8635F9A3291DC30700D4F1A8 /* Sources */,
				8635F9A4291DC30700D4F1A8 /* Frameworks */,
				8635F9A5291DC30700D4F1A8 /* Resources */,
			);
			buildRules = (
			);
			dependencies = (
				8635F9A9291DC30700D4F1A8 /* PBXTargetDependency */,
			);
			name = "Assignment 4UITests";
			productName = "Assignment 4UITests";
			productReference = 8635F9A7291DC30700D4F1A8 /* Assignment 4UITests.xctest */;
			productType = "com.apple.product-type.bundle.ui-testing";
		};
/* End PBXNativeTarget section */

/* Begin PBXProject section */
		8635F97E291DC2FC00D4F1A8 /* Project object */ = {
			isa = PBXProject;
			attributes = {
				LastSwiftUpdateCheck = 1240;
				LastUpgradeCheck = 1240;
				TargetAttributes = {
					8635F985291DC2FC00D4F1A8 = {
						CreatedOnToolsVersion = 12.4;
					};
					8635F99B291DC30700D4F1A8 = {
						CreatedOnToolsVersion = 12.4;
						TestTargetID = 8635F985291DC2FC00D4F1A8;
					};
					8635F9A6291DC30700D4F1A8 = {
						CreatedOnToolsVersion = 12.4;
						TestTargetID = 8635F985291DC2FC00D4F1A8;
					};
				};
			};
			buildConfigurationList = 8635F981291DC2FC00D4F1A8 /* Build configuration list for PBXProject "Assignment 4" */;
			compatibilityVersion = "Xcode 9.3";
			developmentRegion = en;
			hasScannedForEncodings = 0;
			knownRegions = (
				en,
				Base,
			);
			mainGroup = 8635F97D291DC2FC00D4F1A8;
			productRefGroup = 8635F987291DC2FC00D4F1A8 /* Products */;
			projectDirPath = "";
			projectRoot = "";
			targets = (
				8635F985291DC2FC00D4F1A8 /* Assignment 4 */,
				8635F99B291DC30700D4F1A8 /* Assignment 4Tests */,
				8635F9A6291DC30700D4F1A8 /* Assignment 4UITests */,
			);
		};
/* End PBXProject section */

/* Begin PBXResourcesBuildPhase section */
		8635F984291DC2FC00D4F1A8 /* Resources */ = {
			isa = PBXResourcesBuildPhase;
			buildActionMask = 2147483647;
			files = (
				8635F993291DC30600D4F1A8 /* Assets.xcassets in Resources */,
				8635F991291DC2FC00D4F1A8 /* Main.storyboard in Resources */,
			);
			runOnlyForDeploymentPostprocessing = 0;
		};
		8635F99A291DC30700D4F1A8 /* Resources */ = {
			isa = PBXResourcesBuildPhase;
			buildActionMask = 2147483647;
			files = (
			);
			runOnlyForDeploymentPostprocessing = 0;
		};
		8635F9A5291DC30700D4F1A8 /* Resources */ = {
			isa = PBXResourcesBuildPhase;
			buildActionMask = 2147483647;
			files = (
			);
			runOnlyForDeploymentPostprocessing = 0;
		};
/* End PBXResourcesBuildPhase section */

/* Begin PBXSourcesBuildPhase section */
		8635F982291DC2FC00D4F1A8 /* Sources */ = {
			isa = PBXSourcesBuildPhase;
			buildActionMask = 2147483647;
			files = (
				8635F9C6291DC4CD00D4F1A8 /* DataTableCell.swift in Sources */,
				8635F98E291DC2FC00D4F1A8 /* ListViewController.swift in Sources */,
				8635F98A291DC2FC00D4F1A8 /* AppDelegate.swift in Sources */,
				8635F98C291DC2FC00D4F1A8 /* SceneDelegate.swift in Sources */,
			);
			runOnlyForDeploymentPostprocessing = 0;
		};
		8635F998291DC30700D4F1A8 /* Sources */ = {
			isa = PBXSourcesBuildPhase;
			buildActionMask = 2147483647;
			files = (
				8635F9A1291DC30700D4F1A8 /* Assignment_4Tests.swift in Sources */,
			);
			runOnlyForDeploymentPostprocessing = 0;
		};
		8635F9A3291DC30700D4F1A8 /* Sources */ = {
			isa = PBXSourcesBuildPhase;
			buildActionMask = 2147483647;
			files = (
				8635F9AC291DC30700D4F1A8 /* Assignment_4UITests.swift in Sources */,
			);
			runOnlyForDeploymentPostprocessing = 0;
		};
/* End PBXSourcesBuildPhase section */

/* Begin PBXTargetDependency section */
		8635F99E291DC30700D4F1A8 /* PBXTargetDependency */ = {
			isa = PBXTargetDependency;
			target = 8635F985291DC2FC00D4F1A8 /* Assignment 4 */;
			targetProxy = 8635F99D291DC30700D4F1A8 /* PBXContainerItemProxy */;
		};
		8635F9A9291DC30700D4F1A8 /* PBXTargetDependency */ = {
			isa = PBXTargetDependency;
			target = 8635F985291DC2FC00D4F1A8 /* Assignment 4 */;
			targetProxy = 8635F9A8291DC30700D4F1A8 /* PBXContainerItemProxy */;
		};
/* End PBXTargetDependency section */

/* Begin PBXVariantGroup section */
		8635F98F291DC2FC00D4F1A8 /* Main.storyboard */ = {
			isa = PBXVariantGroup;
			children = (
				8635F990291DC2FC00D4F1A8 /* Base */,
			);
			name = Main.storyboard;
			sourceTree = "<group>";
		};
/* End PBXVariantGroup section */

/* Begin XCBuildConfiguration section */
		8635F9AE291DC30700D4F1A8 /* Debug */ = {
			isa = XCBuildConfiguration;
			buildSettings = {
				ALWAYS_SEARCH_USER_PATHS = NO;
				CLANG_ANALYZER_NONNULL = YES;
				CLANG_ANALYZER_NUMBER_OBJECT_CONVERSION = YES_AGGRESSIVE;
				CLANG_CXX_LANGUAGE_STANDARD = "gnu++14";
				CLANG_CXX_LIBRARY = "libc++";
				CLANG_ENABLE_MODULES = YES;
				CLANG_ENABLE_OBJC_ARC = YES;
				CLANG_ENABLE_OBJC_WEAK = YES;
				CLANG_WARN_BLOCK_CAPTURE_AUTORELEASING = YES;
				CLANG_WARN_BOOL_CONVERSION = YES;
				CLANG_WARN_COMMA = YES;
				CLANG_WARN_CONSTANT_CONVERSION = YES;
				CLANG_WARN_DEPRECATED_OBJC_IMPLEMENTATIONS = YES;
				CLANG_WARN_DIRECT_OBJC_ISA_USAGE = YES_ERROR;
				CLANG_WARN_DOCUMENTATION_COMMENTS = YES;
				CLANG_WARN_EMPTY_BODY = YES;
				CLANG_WARN_ENUM_CONVERSION = YES;
				CLANG_WARN_INFINITE_RECURSION = YES;
				CLANG_WARN_INT_CONVERSION = YES;
				CLANG_WARN_NON_LITERAL_NULL_CONVERSION = YES;
				CLANG_WARN_OBJC_IMPLICIT_RETAIN_SELF = YES;
				CLANG_WARN_OBJC_LITERAL_CONVERSION = YES;
				CLANG_WARN_OBJC_ROOT_CLASS = YES_ERROR;
				CLANG_WARN_QUOTED_INCLUDE_IN_FRAMEWORK_HEADER = YES;
				CLANG_WARN_RANGE_LOOP_ANALYSIS = YES;
				CLANG_WARN_STRICT_PROTOTYPES = YES;
				CLANG_WARN_SUSPICIOUS_MOVE = YES;
				CLANG_WARN_UNGUARDED_AVAILABILITY = YES_AGGRESSIVE;
				CLANG_WARN_UNREACHABLE_CODE = YES;
				CLANG_WARN__DUPLICATE_METHOD_MATCH = YES;
				COPY_PHASE_STRIP = NO;
				DEBUG_INFORMATION_FORMAT = dwarf;
				ENABLE_STRICT_OBJC_MSGSEND = YES;
				ENABLE_TESTABILITY = YES;
				GCC_C_LANGUAGE_STANDARD = gnu11;
				GCC_DYNAMIC_NO_PIC = NO;
				GCC_NO_COMMON_BLOCKS = YES;
				GCC_OPTIMIZATION_LEVEL = 0;
				GCC_PREPROCESSOR_DEFINITIONS = (
					"DEBUG=1",
					"$(inherited)",
				);
				GCC_WARN_64_TO_32_BIT_CONVERSION = YES;
				GCC_WARN_ABOUT_RETURN_TYPE = YES_ERROR;
				GCC_WARN_UNDECLARED_SELECTOR = YES;
				GCC_WARN_UNINITIALIZED_AUTOS = YES_AGGRESSIVE;
				GCC_WARN_UNUSED_FUNCTION = YES;
				GCC_WARN_UNUSED_VARIABLE = YES;
				IPHONEOS_DEPLOYMENT_TARGET = 14.4;
				MTL_ENABLE_DEBUG_INFO = INCLUDE_SOURCE;
				MTL_FAST_MATH = YES;
				ONLY_ACTIVE_ARCH = YES;
				SDKROOT = iphoneos;
				SWIFT_ACTIVE_COMPILATION_CONDITIONS = DEBUG;
				SWIFT_OPTIMIZATION_LEVEL = "-Onone";
			};
			name = Debug;
		};
		8635F9AF291DC30700D4F1A8 /* Release */ = {
			isa = XCBuildConfiguration;
			buildSettings = {
				ALWAYS_SEARCH_USER_PATHS = NO;
				CLANG_ANALYZER_NONNULL = YES;
				CLANG_ANALYZER_NUMBER_OBJECT_CONVERSION = YES_AGGRESSIVE;
				CLANG_CXX_LANGUAGE_STANDARD = "gnu++14";
				CLANG_CXX_LIBRARY = "libc++";
				CLANG_ENABLE_MODULES = YES;
				CLANG_ENABLE_OBJC_ARC = YES;
				CLANG_ENABLE_OBJC_WEAK = YES;
				CLANG_WARN_BLOCK_CAPTURE_AUTORELEASING = YES;
				CLANG_WARN_BOOL_CONVERSION = YES;
				CLANG_WARN_COMMA = YES;
				CLANG_WARN_CONSTANT_CONVERSION = YES;
				CLANG_WARN_DEPRECATED_OBJC_IMPLEMENTATIONS = YES;
				CLANG_WARN_DIRECT_OBJC_ISA_USAGE = YES_ERROR;
				CLANG_WARN_DOCUMENTATION_COMMENTS = YES;
				CLANG_WARN_EMPTY_BODY = YES;
				CLANG_WARN_ENUM_CONVERSION = YES;
				CLANG_WARN_INFINITE_RECURSION = YES;
				CLANG_WARN_INT_CONVERSION = YES;
				CLANG_WARN_NON_LITERAL_NULL_CONVERSION = YES;
				CLANG_WARN_OBJC_IMPLICIT_RETAIN_SELF = YES;
				CLANG_WARN_OBJC_LITERAL_CONVERSION = YES;
				CLANG_WARN_OBJC_ROOT_CLASS = YES_ERROR;
				CLANG_WARN_QUOTED_INCLUDE_IN_FRAMEWORK_HEADER = YES;
				CLANG_WARN_RANGE_LOOP_ANALYSIS = YES;
				CLANG_WARN_STRICT_PROTOTYPES = YES;
				CLANG_WARN_SUSPICIOUS_MOVE = YES;
				CLANG_WARN_UNGUARDED_AVAILABILITY = YES_AGGRESSIVE;
				CLANG_WARN_UNREACHABLE_CODE = YES;
				CLANG_WARN__DUPLICATE_METHOD_MATCH = YES;
				COPY_PHASE_STRIP = NO;
				DEBUG_INFORMATION_FORMAT = "dwarf-with-dsym";
				ENABLE_NS_ASSERTIONS = NO;
				ENABLE_STRICT_OBJC_MSGSEND = YES;
				GCC_C_LANGUAGE_STANDARD = gnu11;
				GCC_NO_COMMON_BLOCKS = YES;
				GCC_WARN_64_TO_32_BIT_CONVERSION = YES;
				GCC_WARN_ABOUT_RETURN_TYPE = YES_ERROR;
				GCC_WARN_UNDECLARED_SELECTOR = YES;
				GCC_WARN_UNINITIALIZED_AUTOS = YES_AGGRESSIVE;
				GCC_WARN_UNUSED_FUNCTION = YES;
				GCC_WARN_UNUSED_VARIABLE = YES;
				IPHONEOS_DEPLOYMENT_TARGET = 14.4;
				MTL_ENABLE_DEBUG_INFO = NO;
				MTL_FAST_MATH = YES;
				SDKROOT = iphoneos;
				SWIFT_COMPILATION_MODE = wholemodule;
				SWIFT_OPTIMIZATION_LEVEL = "-O";
				VALIDATE_PRODUCT = YES;
			};
			name = Release;
		};
		8635F9B1291DC30700D4F1A8 /* Debug */ = {
			isa = XCBuildConfiguration;
			buildSettings = {
				ASSETCATALOG_COMPILER_APPICON_NAME = AppIcon;
				ASSETCATALOG_COMPILER_GLOBAL_ACCENT_COLOR_NAME = AccentColor;
				CODE_SIGN_STYLE = Automatic;
				INFOPLIST_FILE = "Assignment 4/Info.plist";
				IPHONEOS_DEPLOYMENT_TARGET = 13.6;
				LD_RUNPATH_SEARCH_PATHS = (
					"$(inherited)",
					"@executable_path/Frameworks",
				);
				PRODUCT_BUNDLE_IDENTIFIER = "bdots.Assignment-4";
				PRODUCT_NAME = "$(TARGET_NAME)";
				SWIFT_VERSION = 5.0;
				TARGETED_DEVICE_FAMILY = "1,2";
			};
			name = Debug;
		};
		8635F9B2291DC30700D4F1A8 /* Release */ = {
			isa = XCBuildConfiguration;
			buildSettings = {
				ASSETCATALOG_COMPILER_APPICON_NAME = AppIcon;
				ASSETCATALOG_COMPILER_GLOBAL_ACCENT_COLOR_NAME = AccentColor;
				CODE_SIGN_STYLE = Automatic;
				INFOPLIST_FILE = "Assignment 4/Info.plist";
				IPHONEOS_DEPLOYMENT_TARGET = 13.6;
				LD_RUNPATH_SEARCH_PATHS = (
					"$(inherited)",
					"@executable_path/Frameworks",
				);
				PRODUCT_BUNDLE_IDENTIFIER = "bdots.Assignment-4";
				PRODUCT_NAME = "$(TARGET_NAME)";
				SWIFT_VERSION = 5.0;
				TARGETED_DEVICE_FAMILY = "1,2";
			};
			name = Release;
		};
		8635F9B4291DC30700D4F1A8 /* Debug */ = {
			isa = XCBuildConfiguration;
			buildSettings = {
				ALWAYS_EMBED_SWIFT_STANDARD_LIBRARIES = YES;
				BUNDLE_LOADER = "$(TEST_HOST)";
				CODE_SIGN_STYLE = Automatic;
				INFOPLIST_FILE = "Assignment 4Tests/Info.plist";
				IPHONEOS_DEPLOYMENT_TARGET = 14.4;
				LD_RUNPATH_SEARCH_PATHS = (
					"$(inherited)",
					"@executable_path/Frameworks",
					"@loader_path/Frameworks",
				);
				PRODUCT_BUNDLE_IDENTIFIER = "bdots.Assignment-4Tests";
				PRODUCT_NAME = "$(TARGET_NAME)";
				SWIFT_VERSION = 5.0;
				TARGETED_DEVICE_FAMILY = "1,2";
				TEST_HOST = "$(BUILT_PRODUCTS_DIR)/Assignment 4.app/Assignment 4";
			};
			name = Debug;
		};
		8635F9B5291DC30700D4F1A8 /* Release */ = {
			isa = XCBuildConfiguration;
			buildSettings = {
				ALWAYS_EMBED_SWIFT_STANDARD_LIBRARIES = YES;
				BUNDLE_LOADER = "$(TEST_HOST)";
				CODE_SIGN_STYLE = Automatic;
				INFOPLIST_FILE = "Assignment 4Tests/Info.plist";
				IPHONEOS_DEPLOYMENT_TARGET = 14.4;
				LD_RUNPATH_SEARCH_PATHS = (
					"$(inherited)",
					"@executable_path/Frameworks",
					"@loader_path/Frameworks",
				);
				PRODUCT_BUNDLE_IDENTIFIER = "bdots.Assignment-4Tests";
				PRODUCT_NAME = "$(TARGET_NAME)";
				SWIFT_VERSION = 5.0;
				TARGETED_DEVICE_FAMILY = "1,2";
				TEST_HOST = "$(BUILT_PRODUCTS_DIR)/Assignment 4.app/Assignment 4";
			};
			name = Release;
		};
		8635F9B7291DC30700D4F1A8 /* Debug */ = {
			isa = XCBuildConfiguration;
			buildSettings = {
				ALWAYS_EMBED_SWIFT_STANDARD_LIBRARIES = YES;
				CODE_SIGN_STYLE = Automatic;
				INFOPLIST_FILE = "Assignment 4UITests/Info.plist";
				LD_RUNPATH_SEARCH_PATHS = (
					"$(inherited)",
					"@executable_path/Frameworks",
					"@loader_path/Frameworks",
				);
				PRODUCT_BUNDLE_IDENTIFIER = "bdots.Assignment-4UITests";
				PRODUCT_NAME = "$(TARGET_NAME)";
				SWIFT_VERSION = 5.0;
				TARGETED_DEVICE_FAMILY = "1,2";
				TEST_TARGET_NAME = "Assignment 4";
			};
			name = Debug;
		};
		8635F9B8291DC30700D4F1A8 /* Release */ = {
			isa = XCBuildConfiguration;
			buildSettings = {
				ALWAYS_EMBED_SWIFT_STANDARD_LIBRARIES = YES;
				CODE_SIGN_STYLE = Automatic;
				INFOPLIST_FILE = "Assignment 4UITests/Info.plist";
				LD_RUNPATH_SEARCH_PATHS = (
					"$(inherited)",
					"@executable_path/Frameworks",
					"@loader_path/Frameworks",
				);
				PRODUCT_BUNDLE_IDENTIFIER = "bdots.Assignment-4UITests";
				PRODUCT_NAME = "$(TARGET_NAME)";
				SWIFT_VERSION = 5.0;
				TARGETED_DEVICE_FAMILY = "1,2";
				TEST_TARGET_NAME = "Assignment 4";
			};
			name = Release;
		};
/* End XCBuildConfiguration section */

/* Begin XCConfigurationList section */
		8635F981291DC2FC00D4F1A8 /* Build configuration list for PBXProject "Assignment 4" */ = {
			isa = XCConfigurationList;
			buildConfigurations = (
				8635F9AE291DC30700D4F1A8 /* Debug */,
				8635F9AF291DC30700D4F1A8 /* Release */,
			);
			defaultConfigurationIsVisible = 0;
			defaultConfigurationName = Release;
		};
		8635F9B0291DC30700D4F1A8 /* Build configuration list for PBXNativeTarget "Assignment 4" */ = {
			isa = XCConfigurationList;
			buildConfigurations = (
				8635F9B1291DC30700D4F1A8 /* Debug */,
				8635F9B2291DC30700D4F1A8 /* Release */,
			);
			defaultConfigurationIsVisible = 0;
			defaultConfigurationName = Release;
		};
		8635F9B3291DC30700D4F1A8 /* Build configuration list for PBXNativeTarget "Assignment 4Tests" */ = {
			isa = XCConfigurationList;
			buildConfigurations = (
				8635F9B4291DC30700D4F1A8 /* Debug */,
				8635F9B5291DC30700D4F1A8 /* Release */,
			);
			defaultConfigurationIsVisible = 0;
			defaultConfigurationName = Release;
		};
		8635F9B6291DC30700D4F1A8 /* Build configuration list for PBXNativeTarget "Assignment 4UITests" */ = {
			isa = XCConfigurationList;
			buildConfigurations = (
				8635F9B7291DC30700D4F1A8 /* Debug */,
				8635F9B8291DC30700D4F1A8 /* Release */,
			);
			defaultConfigurationIsVisible = 0;
			defaultConfigurationName = Release;
		};
/* End XCConfigurationList section */
	};
	rootObject = 8635F97E291DC2FC00D4F1A8 /* Project object */;
}
